
Microsoft Visual Studio Solution File, Format Version 12.00
# Visual Studio Version 17
VisualStudioVersion = 17.5.33627.172
MinimumVisualStudioVersion = 10.0.40219.1
Project("{9A19103F-16F7-4668-BE54-9A1E7A4F7556}") = "RemoteControlCarConsoleApp", "RemoteControlCarConsoleApp\RemoteControlCarConsoleApp.csproj", "{405290EC-E6B3-4701-A15A-4F6C250C2A26}"
EndProject
Project("{FAE04EC0-301F-11D3-BF4B-00C04F79EFBC}") = "DogChallenge", "DogChallenge\DogChallenge.csproj", "{DA8FFA9E-BF4A-4F55-986D-94D13A98A72E}"
EndProject
Project("{2150E333-8FDC-42A3-9474-1A3956D46DE8}") = "Solution Items", "Solution Items", "{11DC65DF-6441-46B7-832E-BADF0B12A915}"
EndProject
Project("{FAE04EC0-301F-11D3-BF4B-00C04F79EFBC}") = "ConsoleApp1", "ConsoleApp1\ConsoleApp1.csproj", "{1F5C9D04-6ECD-4000-8F14-CA107D62B3F6}"
EndProject
Global
	GlobalSection(SolutionConfigurationPlatforms) = preSolution
		Debug|Any CPU = Debug|Any CPU
		Release|Any CPU = Release|Any CPU
	EndGlobalSection
	GlobalSection(ProjectConfigurationPlatforms) = postSolution
		{405290EC-E6B3-4701-A15A-4F6C250C2A26}.Debug|Any CPU.ActiveCfg = Debug|Any CPU
		{405290EC-E6B3-4701-A15A-4F6C250C2A26}.Debug|Any CPU.Build.0 = Debug|Any CPU
		{405290EC-E6B3-4701-A15A-4F6C250C2A26}.Release|Any CPU.ActiveCfg = Release|Any CPU
		{405290EC-E6B3-4701-A15A-4F6C250C2A26}.Release|Any CPU.Build.0 = Release|Any CPU
		{DA8FFA9E-BF4A-4F55-986D-94D13A98A72E}.Debug|Any CPU.ActiveCfg = Debug|Any CPU
		{DA8FFA9E-BF4A-4F55-986D-94D13A98A72E}.Debug|Any CPU.Build.0 = Debug|Any CPU
		{DA8FFA9E-BF4A-4F55-986D-94D13A98A72E}.Release|Any CPU.ActiveCfg = Release|Any CPU
		{DA8FFA9E-BF4A-4F55-986D-94D13A98A72E}.Release|Any CPU.Build.0 = Release|Any CPU
		{1F5C9D04-6ECD-4000-8F14-CA107D62B3F6}.Debug|Any CPU.ActiveCfg = Debug|Any CPU
		{1F5C9D04-6ECD-4000-8F14-CA107D62B3F6}.Debug|Any CPU.Build.0 = Debug|Any CPU
		{1F5C9D04-6ECD-4000-8F14-CA107D62B3F6}.Release|Any CPU.ActiveCfg = Release|Any CPU
		{1F5C9D04-6ECD-4000-8F14-CA107D62B3F6}.Release|Any CPU.Build.0 = Release|Any CPU
	EndGlobalSection
	GlobalSection(SolutionProperties) = preSolution
		HideSolutionNode = FALSE
	EndGlobalSection
	GlobalSection(ExtensibilityGlobals) = postSolution
		SolutionGuid = {15C1BDD6-82DD-4BFA-8ED5-0D98EAFF4E37}
	EndGlobalSection
EndGlobal
